proj_file_hash = "9f92182dc16b9d907de58c10c08fe751"

[[dependencies]]
name = "character"
version = "1.0.1"
path = ".fixlang/deps/character_1.0.1"

[dependencies.git]
repo = "https://github.com/tttmmmyyyy/fixlang-character.git"
rev = "fd75a6634ec0c919f2d1703112d25da9a3c2346e"

[[dependencies]]
name = "math"
version = "1.2.1"
path = ".fixlang/deps/math_1.2.1"

[dependencies.git]
repo = "https://github.com/tttmmmyyyy/fixlang-math.git"
rev = "f02f1493b1ac5563edded5ef36c8f7f82e512584"

[[dependencies]]
name = "minilib-binary"
version = "0.6.4"
path = ".fixlang/deps/minilib-binary_0.6.4"

[dependencies.git]
repo = "https://github.com/pt9999/fixlang-minilib-binary.git"
rev = "3f4db9b7d323246b16648459efddda05db9e426a"

[[dependencies]]
name = "minilib-common"
version = "0.13.2"
path = ".fixlang/deps/minilib-common_0.13.2"

[dependencies.git]
repo = "https://github.com/pt9999/fixlang-minilib-common.git"
rev = "dd2ac9b5be81dca3ddac5384954534b26835293c"

[[dependencies]]
name = "minilib-monad"
version = "0.11.5"
path = ".fixlang/deps/minilib-monad_0.11.5"

[dependencies.git]
repo = "https://github.com/pt9999/fixlang-minilib-monad.git"
rev = "15d4f78afdfb16889a54b895a9545a2e24e01678"

[[dependencies]]
name = "minilib-random"
version = "0.7.4"
path = ".fixlang/deps/minilib-random_0.7.4"

[dependencies.git]
repo = "https://github.com/pt9999/fixlang-minilib-random.git"
rev = "58bf7ba3bfb687cc55f1ed55328ee737e7c60a03"

[[dependencies]]
name = "random"
version = "1.1.2"
path = ".fixlang/deps/random_1.1.2"

[dependencies.git]
repo = "https://github.com/tttmmmyyyy/fixlang-random.git"
rev = "af8b2ea3f4fb783d86119d1a2504a12d8f2be2c1"

[[dependencies]]
name = "time"
version = "1.0.2"
path = ".fixlang/deps/time_1.0.2"

[dependencies.git]
repo = "https://github.com/tttmmmyyyy/fixlang-time.git"
rev = "7af8a5c115e7437f94dcb4353807c03d816856f6"
