proj_file_hash = "aae4b49a80f9126ac816026eb30d0405"

[[dependencies]]
name = "character"
version = "1.0.1"
path = ".fixlang/deps/character_1.0.1"

[dependencies.git]
repo = "https://github.com/tttmmmyyyy/fixlang-character.git"
rev = "fd75a6634ec0c919f2d1703112d25da9a3c2346e"

[[dependencies]]
name = "math"
version = "1.2.1"
path = ".fixlang/deps/math_1.2.1"

[dependencies.git]
repo = "https://github.com/tttmmmyyyy/fixlang-math.git"
rev = "f02f1493b1ac5563edded5ef36c8f7f82e512584"

[[dependencies]]
name = "minilib-binary"
version = "0.6.3"
path = ".fixlang/deps/minilib-binary_0.6.3"

[dependencies.git]
repo = "https://github.com/pt9999/fixlang-minilib-binary.git"
rev = "e396317bce3c7a1006de2386e8cb71fa3665503a"

[[dependencies]]
name = "minilib-common"
version = "0.13.1"
path = ".fixlang/deps/minilib-common_0.13.1"

[dependencies.git]
repo = "https://github.com/pt9999/fixlang-minilib-common.git"
rev = "87c043b05ab35881c81a53587cdbc72f0ae0e5cf"

[[dependencies]]
name = "minilib-monad"
version = "0.11.4"
path = ".fixlang/deps/minilib-monad_0.11.4"

[dependencies.git]
repo = "https://github.com/pt9999/fixlang-minilib-monad.git"
rev = "2efb940bb8d7c7350305bac87b7f98611e97bfed"

[[dependencies]]
name = "minilib-random"
version = "0.7.3"
path = ".fixlang/deps/minilib-random_0.7.3"

[dependencies.git]
repo = "https://github.com/pt9999/fixlang-minilib-random.git"
rev = "4f53be4765f3d01f35b77a4e58fafe29bc5e485f"

[[dependencies]]
name = "random"
version = "1.1.1"
path = ".fixlang/deps/random_1.1.1"

[dependencies.git]
repo = "https://github.com/tttmmmyyyy/fixlang-random.git"
rev = "b4f83ee48564e714c0918513dd431f9135493dce"

[[dependencies]]
name = "time"
version = "1.0.2"
path = ".fixlang/deps/time_1.0.2"

[dependencies.git]
repo = "https://github.com/tttmmmyyyy/fixlang-time.git"
rev = "7af8a5c115e7437f94dcb4353807c03d816856f6"
