proj_file_hash = "34ae4e069d7d21d7519556983fa8c42d"

[[dependencies]]
name = "math"
version = "1.2.0"
path = ".fixlang/deps/math_1.2.0"

[dependencies.git]
repo = "https://github.com/tttmmmyyyy/fixlang-math.git"
rev = "663bdee5f5ee2824e9e139cfdb097d6e56a4b1bb"

[[dependencies]]
name = "minilib-binary"
version = "0.5.5"
path = ".fixlang/deps/minilib-binary_0.5.5"

[dependencies.git]
repo = "https://github.com/pt9999/fixlang-minilib-binary.git"
rev = "7d21c3827c575cd2aba0b32d7e3f31c29dbe4c1b"

[[dependencies]]
name = "minilib-common"
version = "0.8.2"
path = ".fixlang/deps/minilib-common_0.8.2"

[dependencies.git]
repo = "https://github.com/pt9999/fixlang-minilib-common.git"
rev = "17326cfc04df39190b71ae85d3cb6a08a7f57948"

[[dependencies]]
name = "character"
version = "1.0.1"
path = ".fixlang/deps/character_1.0.1"

[dependencies.git]
repo = "https://github.com/tttmmmyyyy/fixlang-character.git"
rev = "fd75a6634ec0c919f2d1703112d25da9a3c2346e"

[[dependencies]]
name = "time"
version = "1.0.2"
path = ".fixlang/deps/time_1.0.2"

[dependencies.git]
repo = "https://github.com/tttmmmyyyy/fixlang-time.git"
rev = "7af8a5c115e7437f94dcb4353807c03d816856f6"

[[dependencies]]
name = "minilib-random"
version = "0.6.0"
path = ".fixlang/deps/minilib-random_0.6.0"

[dependencies.git]
repo = "https://github.com/pt9999/fixlang-minilib-random.git"
rev = "b3cb4a8103b203261fd2c6c1dc972f7da1af8aed"

[[dependencies]]
name = "random"
version = "1.1.1"
path = ".fixlang/deps/random_1.1.1"

[dependencies.git]
repo = "https://github.com/tttmmmyyyy/fixlang-random.git"
rev = "b4f83ee48564e714c0918513dd431f9135493dce"

[[dependencies]]
name = "minilib-monad"
version = "0.7.5"
path = ".fixlang/deps/minilib-monad_0.7.5"

[dependencies.git]
repo = "https://github.com/pt9999/fixlang-minilib-monad.git"
rev = "b852466cb5419315d8a50eba756548606937d009"
