proj_file_hash = "34ae4e069d7d21d7519556983fa8c42d"

[[dependencies]]
name = "math"
version = "1.1.0"
path = ".fixlang/deps/math_1.1.0"

[dependencies.git]
repo = "https://github.com/tttmmmyyyy/fixlang-math.git"
rev = "7602fbab86cb0aea32c9c8f65f59093c55a1bf45"

[[dependencies]]
name = "minilib-binary"
version = "0.5.1"
path = ".fixlang/deps/minilib-binary_0.5.1"

[dependencies.git]
repo = "https://github.com/pt9999/fixlang-minilib-binary.git"
rev = "d920c72f6db5f2cc1fe3f78c29ca6d9152c887f7"

[[dependencies]]
name = "minilib-common"
version = "0.5.2"
path = ".fixlang/deps/minilib-common_0.5.2"

[dependencies.git]
repo = "https://github.com/pt9999/fixlang-minilib-common.git"
rev = "083d1d3f7f1b835813fe76409effb42bb2be5e74"

[[dependencies]]
name = "character"
version = "1.0.0"
path = ".fixlang/deps/character_1.0.0"

[dependencies.git]
repo = "https://github.com/tttmmmyyyy/fixlang-character.git"
rev = "13e128d2b87a729c4e73d986994a5cedcf3e8f49"

[[dependencies]]
name = "time"
version = "1.0.0"
path = ".fixlang/deps/time_1.0.0"

[dependencies.git]
repo = "https://github.com/tttmmmyyyy/fixlang-time.git"
rev = "0df92cf1c3ffc148d658c1a554c94105aef13520"

[[dependencies]]
name = "minilib-random"
version = "0.5.1"
path = ".fixlang/deps/minilib-random_0.5.1"

[dependencies.git]
repo = "https://github.com/pt9999/fixlang-minilib-random.git"
rev = "33a3d0ea775f3799d49f5117ce8021419a720543"

[[dependencies]]
name = "random"
version = "1.1.0"
path = ".fixlang/deps/random_1.1.0"

[dependencies.git]
repo = "https://github.com/tttmmmyyyy/fixlang-random.git"
rev = "41add2d293c7c712146c8e7a605501e4f483b8cd"

[[dependencies]]
name = "minilib-monad"
version = "0.5.1"
path = ".fixlang/deps/minilib-monad_0.5.1"

[dependencies.git]
repo = "https://github.com/pt9999/fixlang-minilib-monad.git"
rev = "b1273c8551d8830787f4057b28853bbb7b64977d"
